
Microsoft Visual Studio Solution File, Format Version 12.00
# Visual Studio Version 16
VisualStudioVersion = 16.0.31129.286
MinimumVisualStudioVersion = 10.0.40219.1
Project("{FAE04EC0-301F-11D3-BF4B-00C04F79EFBC}") = "HomeWork2", "HomeWork2.csproj", "{ADBDF9D5-E165-47BD-A50F-B96659601810}"
EndProject
Global
	GlobalSection(SolutionConfigurationPlatforms) = preSolution
		Debug|Any CPU = Debug|Any CPU
		Release|Any CPU = Release|Any CPU
	EndGlobalSection
	GlobalSection(ProjectConfigurationPlatforms) = postSolution
		{ADBDF9D5-E165-47BD-A50F-B96659601810}.Debug|Any CPU.ActiveCfg = Debug|Any CPU
		{ADBDF9D5-E165-47BD-A50F-B96659601810}.Debug|Any CPU.Build.0 = Debug|Any CPU
		{ADBDF9D5-E165-47BD-A50F-B96659601810}.Release|Any CPU.ActiveCfg = Release|Any CPU
		{ADBDF9D5-E165-47BD-A50F-B96659601810}.Release|Any CPU.Build.0 = Release|Any CPU
	EndGlobalSection
	GlobalSection(SolutionProperties) = preSolution
		HideSolutionNode = FALSE
	EndGlobalSection
	GlobalSection(ExtensibilityGlobals) = postSolution
		SolutionGuid = {9BCB8FD4-071C-4825-AE79-4DDA43720ED0}
	EndGlobalSection
EndGlobal
